
Microsoft Visual Studio Solution File, Format Version 12.00
# Visual Studio 2013
VisualStudioVersion = 12.0.30110.0
MinimumVisualStudioVersion = 10.0.40219.1
Project("{FAE04EC0-301F-11D3-BF4B-00C04F79EFBC}") = "NewsSightseeing.Data.Utility", "NewsSightseeing.Data.Utility\NewsSightseeing.Data.Utility.csproj", "{9315317B-BF2C-45F8-B656-A75E96A18E3E}"
EndProject
Project("{CC5FD16D-436D-48AD-A40C-5A424C6E3E79}") = "NewsSightseeing.Cloud", "NewsSightseeing.Cloud\NewsSightseeing.Cloud.ccproj", "{35F6B269-47B6-48BB-B08A-B94F9EA5D6E7}"
EndProject
Project("{FAE04EC0-301F-11D3-BF4B-00C04F79EFBC}") = "NewsSightseeing.Web", "NewsSightseeing.Web\NewsSightseeing.Web.csproj", "{4EBD679B-E00E-4791-BCA1-209CB3DACDE2}"
EndProject
Project("{FAE04EC0-301F-11D3-BF4B-00C04F79EFBC}") = "NewsSightseeing.Data.Dto", "NewsSightseeing.Data.Dto\NewsSightseeing.Data.Dto.csproj", "{ADE9C178-2D73-45FD-9FF2-52AF32345174}"
EndProject
Global
	GlobalSection(SolutionConfigurationPlatforms) = preSolution
		Debug|Any CPU = Debug|Any CPU
		Release|Any CPU = Release|Any CPU
	EndGlobalSection
	GlobalSection(ProjectConfigurationPlatforms) = postSolution
		{9315317B-BF2C-45F8-B656-A75E96A18E3E}.Debug|Any CPU.ActiveCfg = Debug|Any CPU
		{9315317B-BF2C-45F8-B656-A75E96A18E3E}.Debug|Any CPU.Build.0 = Debug|Any CPU
		{9315317B-BF2C-45F8-B656-A75E96A18E3E}.Release|Any CPU.ActiveCfg = Release|Any CPU
		{9315317B-BF2C-45F8-B656-A75E96A18E3E}.Release|Any CPU.Build.0 = Release|Any CPU
		{35F6B269-47B6-48BB-B08A-B94F9EA5D6E7}.Debug|Any CPU.ActiveCfg = Debug|Any CPU
		{35F6B269-47B6-48BB-B08A-B94F9EA5D6E7}.Debug|Any CPU.Build.0 = Debug|Any CPU
		{35F6B269-47B6-48BB-B08A-B94F9EA5D6E7}.Release|Any CPU.ActiveCfg = Release|Any CPU
		{35F6B269-47B6-48BB-B08A-B94F9EA5D6E7}.Release|Any CPU.Build.0 = Release|Any CPU
		{4EBD679B-E00E-4791-BCA1-209CB3DACDE2}.Debug|Any CPU.ActiveCfg = Debug|Any CPU
		{4EBD679B-E00E-4791-BCA1-209CB3DACDE2}.Debug|Any CPU.Build.0 = Debug|Any CPU
		{4EBD679B-E00E-4791-BCA1-209CB3DACDE2}.Release|Any CPU.ActiveCfg = Release|Any CPU
		{4EBD679B-E00E-4791-BCA1-209CB3DACDE2}.Release|Any CPU.Build.0 = Release|Any CPU
		{ADE9C178-2D73-45FD-9FF2-52AF32345174}.Debug|Any CPU.ActiveCfg = Debug|Any CPU
		{ADE9C178-2D73-45FD-9FF2-52AF32345174}.Debug|Any CPU.Build.0 = Debug|Any CPU
		{ADE9C178-2D73-45FD-9FF2-52AF32345174}.Release|Any CPU.ActiveCfg = Release|Any CPU
		{ADE9C178-2D73-45FD-9FF2-52AF32345174}.Release|Any CPU.Build.0 = Release|Any CPU
	EndGlobalSection
	GlobalSection(SolutionProperties) = preSolution
		HideSolutionNode = FALSE
	EndGlobalSection
EndGlobal
